
Microsoft Visual Studio Solution File, Format Version 12.00
# Visual Studio Version 17
VisualStudioVersion = 17.0.32112.339
MinimumVisualStudioVersion = 10.0.40219.1
Project("{2150E333-8FDC-42A3-9474-1A3956D46DE8}") = "src", "src", "{72BC882B-4C2E-4663-8BA6-F59CE4696722}"
EndProject
Project("{9A19103F-16F7-4668-BE54-9A1E7A4F7556}") = "Api", "src\Api\Api.csproj", "{2D66ABBA-7C09-4A26-A5DE-646C2018F53F}"
EndProject
Project("{9A19103F-16F7-4668-BE54-9A1E7A4F7556}") = "Api.Entities", "src\Api.Entities\Api.Entities.csproj", "{EB615C67-84AC-4ABD-87CD-84B3DBE1D92B}"
EndProject
Project("{9A19103F-16F7-4668-BE54-9A1E7A4F7556}") = "Api.LoggerService", "src\Api.LoggerService\Api.LoggerService.csproj", "{873DFD94-BADB-47F2-9A0E-88449127331D}"
EndProject
Project("{9A19103F-16F7-4668-BE54-9A1E7A4F7556}") = "Api.Presentation", "src\Api.Presentation\Api.Presentation.csproj", "{19DC60DE-76DC-4C97-8AE2-CCAAB0067431}"
EndProject
Project("{9A19103F-16F7-4668-BE54-9A1E7A4F7556}") = "Api.Repository", "src\Api.Repository\Api.Repository.csproj", "{9EAF79A9-E7BB-4F28-AA8A-D9EB81BEC8BB}"
EndProject
Project("{9A19103F-16F7-4668-BE54-9A1E7A4F7556}") = "Api.Service", "src\Api.Service\Api.Service.csproj", "{53E27B34-9CAF-407B-AACF-5BB8DF20C319}"
EndProject
Project("{2150E333-8FDC-42A3-9474-1A3956D46DE8}") = "test", "test", "{F26701F9-AE89-4D95-A423-F0A69877B4CD}"
EndProject
Project("{2150E333-8FDC-42A3-9474-1A3956D46DE8}") = "IntegrationTests", "IntegrationTests", "{963BBDF1-90CD-476E-8390-BA55DD19B19F}"
EndProject
Project("{2150E333-8FDC-42A3-9474-1A3956D46DE8}") = "UnitTests", "UnitTests", "{D56A8265-A20F-416C-95B5-886FFC995E48}"
EndProject
Project("{9A19103F-16F7-4668-BE54-9A1E7A4F7556}") = "Api.IntegrationTests", "test\IntegrationTests\Api.IntegrationTests\Api.IntegrationTests.csproj", "{2BFC3FEA-A631-423D-854B-950A5C9584C1}"
EndProject
Project("{9A19103F-16F7-4668-BE54-9A1E7A4F7556}") = "Api.Shared", "src\Api.Shared\Api.Shared.csproj", "{9746A13A-0C27-4602-8279-7AB0AE7B9601}"
EndProject
Project("{9A19103F-16F7-4668-BE54-9A1E7A4F7556}") = "Api.UnitTests", "test\UnitTests\Api.UnitTests\Api.UnitTests.csproj", "{1E749CBD-4D26-48A9-BCD0-9BA4B905E6B0}"
EndProject
Project("{9A19103F-16F7-4668-BE54-9A1E7A4F7556}") = "Api.Interfaces", "src\Api.Interfaces\Api.Interfaces.csproj", "{D8CB77D0-61A1-47D5-86D1-A64F71110422}"
EndProject
Project("{9A19103F-16F7-4668-BE54-9A1E7A4F7556}") = "Api.Service.Interfaces", "src\Api.Service.Interfaces\Api.Service.Interfaces.csproj", "{CC188C18-FE2C-42CA-852E-545C97BD557D}"
EndProject
Global
	GlobalSection(SolutionConfigurationPlatforms) = preSolution
		Debug|Any CPU = Debug|Any CPU
		Release|Any CPU = Release|Any CPU
	EndGlobalSection
	GlobalSection(ProjectConfigurationPlatforms) = postSolution
		{2D66ABBA-7C09-4A26-A5DE-646C2018F53F}.Debug|Any CPU.ActiveCfg = Debug|Any CPU
		{2D66ABBA-7C09-4A26-A5DE-646C2018F53F}.Debug|Any CPU.Build.0 = Debug|Any CPU
		{2D66ABBA-7C09-4A26-A5DE-646C2018F53F}.Release|Any CPU.ActiveCfg = Release|Any CPU
		{2D66ABBA-7C09-4A26-A5DE-646C2018F53F}.Release|Any CPU.Build.0 = Release|Any CPU
		{EB615C67-84AC-4ABD-87CD-84B3DBE1D92B}.Debug|Any CPU.ActiveCfg = Debug|Any CPU
		{EB615C67-84AC-4ABD-87CD-84B3DBE1D92B}.Debug|Any CPU.Build.0 = Debug|Any CPU
		{EB615C67-84AC-4ABD-87CD-84B3DBE1D92B}.Release|Any CPU.ActiveCfg = Release|Any CPU
		{EB615C67-84AC-4ABD-87CD-84B3DBE1D92B}.Release|Any CPU.Build.0 = Release|Any CPU
		{873DFD94-BADB-47F2-9A0E-88449127331D}.Debug|Any CPU.ActiveCfg = Debug|Any CPU
		{873DFD94-BADB-47F2-9A0E-88449127331D}.Debug|Any CPU.Build.0 = Debug|Any CPU
		{873DFD94-BADB-47F2-9A0E-88449127331D}.Release|Any CPU.ActiveCfg = Release|Any CPU
		{873DFD94-BADB-47F2-9A0E-88449127331D}.Release|Any CPU.Build.0 = Release|Any CPU
		{19DC60DE-76DC-4C97-8AE2-CCAAB0067431}.Debug|Any CPU.ActiveCfg = Debug|Any CPU
		{19DC60DE-76DC-4C97-8AE2-CCAAB0067431}.Debug|Any CPU.Build.0 = Debug|Any CPU
		{19DC60DE-76DC-4C97-8AE2-CCAAB0067431}.Release|Any CPU.ActiveCfg = Release|Any CPU
		{19DC60DE-76DC-4C97-8AE2-CCAAB0067431}.Release|Any CPU.Build.0 = Release|Any CPU
		{9EAF79A9-E7BB-4F28-AA8A-D9EB81BEC8BB}.Debug|Any CPU.ActiveCfg = Debug|Any CPU
		{9EAF79A9-E7BB-4F28-AA8A-D9EB81BEC8BB}.Debug|Any CPU.Build.0 = Debug|Any CPU
		{9EAF79A9-E7BB-4F28-AA8A-D9EB81BEC8BB}.Release|Any CPU.ActiveCfg = Release|Any CPU
		{9EAF79A9-E7BB-4F28-AA8A-D9EB81BEC8BB}.Release|Any CPU.Build.0 = Release|Any CPU
		{53E27B34-9CAF-407B-AACF-5BB8DF20C319}.Debug|Any CPU.ActiveCfg = Debug|Any CPU
		{53E27B34-9CAF-407B-AACF-5BB8DF20C319}.Debug|Any CPU.Build.0 = Debug|Any CPU
		{53E27B34-9CAF-407B-AACF-5BB8DF20C319}.Release|Any CPU.ActiveCfg = Release|Any CPU
		{53E27B34-9CAF-407B-AACF-5BB8DF20C319}.Release|Any CPU.Build.0 = Release|Any CPU
		{2BFC3FEA-A631-423D-854B-950A5C9584C1}.Debug|Any CPU.ActiveCfg = Debug|Any CPU
		{2BFC3FEA-A631-423D-854B-950A5C9584C1}.Debug|Any CPU.Build.0 = Debug|Any CPU
		{2BFC3FEA-A631-423D-854B-950A5C9584C1}.Release|Any CPU.ActiveCfg = Release|Any CPU
		{2BFC3FEA-A631-423D-854B-950A5C9584C1}.Release|Any CPU.Build.0 = Release|Any CPU
		{9746A13A-0C27-4602-8279-7AB0AE7B9601}.Debug|Any CPU.ActiveCfg = Debug|Any CPU
		{9746A13A-0C27-4602-8279-7AB0AE7B9601}.Debug|Any CPU.Build.0 = Debug|Any CPU
		{9746A13A-0C27-4602-8279-7AB0AE7B9601}.Release|Any CPU.ActiveCfg = Release|Any CPU
		{9746A13A-0C27-4602-8279-7AB0AE7B9601}.Release|Any CPU.Build.0 = Release|Any CPU
		{1E749CBD-4D26-48A9-BCD0-9BA4B905E6B0}.Debug|Any CPU.ActiveCfg = Debug|Any CPU
		{1E749CBD-4D26-48A9-BCD0-9BA4B905E6B0}.Debug|Any CPU.Build.0 = Debug|Any CPU
		{1E749CBD-4D26-48A9-BCD0-9BA4B905E6B0}.Release|Any CPU.ActiveCfg = Release|Any CPU
		{1E749CBD-4D26-48A9-BCD0-9BA4B905E6B0}.Release|Any CPU.Build.0 = Release|Any CPU
		{D8CB77D0-61A1-47D5-86D1-A64F71110422}.Debug|Any CPU.ActiveCfg = Debug|Any CPU
		{D8CB77D0-61A1-47D5-86D1-A64F71110422}.Debug|Any CPU.Build.0 = Debug|Any CPU
		{D8CB77D0-61A1-47D5-86D1-A64F71110422}.Release|Any CPU.ActiveCfg = Release|Any CPU
		{D8CB77D0-61A1-47D5-86D1-A64F71110422}.Release|Any CPU.Build.0 = Release|Any CPU
		{CC188C18-FE2C-42CA-852E-545C97BD557D}.Debug|Any CPU.ActiveCfg = Debug|Any CPU
		{CC188C18-FE2C-42CA-852E-545C97BD557D}.Debug|Any CPU.Build.0 = Debug|Any CPU
		{CC188C18-FE2C-42CA-852E-545C97BD557D}.Release|Any CPU.ActiveCfg = Release|Any CPU
		{CC188C18-FE2C-42CA-852E-545C97BD557D}.Release|Any CPU.Build.0 = Release|Any CPU
	EndGlobalSection
	GlobalSection(SolutionProperties) = preSolution
		HideSolutionNode = FALSE
	EndGlobalSection
	GlobalSection(NestedProjects) = preSolution
		{2D66ABBA-7C09-4A26-A5DE-646C2018F53F} = {72BC882B-4C2E-4663-8BA6-F59CE4696722}
		{EB615C67-84AC-4ABD-87CD-84B3DBE1D92B} = {72BC882B-4C2E-4663-8BA6-F59CE4696722}
		{873DFD94-BADB-47F2-9A0E-88449127331D} = {72BC882B-4C2E-4663-8BA6-F59CE4696722}
		{19DC60DE-76DC-4C97-8AE2-CCAAB0067431} = {72BC882B-4C2E-4663-8BA6-F59CE4696722}
		{9EAF79A9-E7BB-4F28-AA8A-D9EB81BEC8BB} = {72BC882B-4C2E-4663-8BA6-F59CE4696722}
		{53E27B34-9CAF-407B-AACF-5BB8DF20C319} = {72BC882B-4C2E-4663-8BA6-F59CE4696722}
		{963BBDF1-90CD-476E-8390-BA55DD19B19F} = {F26701F9-AE89-4D95-A423-F0A69877B4CD}
		{D56A8265-A20F-416C-95B5-886FFC995E48} = {F26701F9-AE89-4D95-A423-F0A69877B4CD}
		{2BFC3FEA-A631-423D-854B-950A5C9584C1} = {963BBDF1-90CD-476E-8390-BA55DD19B19F}
		{9746A13A-0C27-4602-8279-7AB0AE7B9601} = {72BC882B-4C2E-4663-8BA6-F59CE4696722}
		{1E749CBD-4D26-48A9-BCD0-9BA4B905E6B0} = {D56A8265-A20F-416C-95B5-886FFC995E48}
		{D8CB77D0-61A1-47D5-86D1-A64F71110422} = {72BC882B-4C2E-4663-8BA6-F59CE4696722}
		{CC188C18-FE2C-42CA-852E-545C97BD557D} = {72BC882B-4C2E-4663-8BA6-F59CE4696722}
	EndGlobalSection
	GlobalSection(ExtensibilityGlobals) = postSolution
		SolutionGuid = {91819C3E-EFCD-4899-9D2C-C2B97BD96F63}
	EndGlobalSection
	GlobalSection(NDepend) = preSolution
		Project = ".\Pos.Api.ndproj"
	EndGlobalSection
EndGlobal
