
Microsoft Visual Studio Solution File, Format Version 12.00
# Visual Studio Version 17
VisualStudioVersion = 17.0.32112.339
MinimumVisualStudioVersion = 10.0.40219.1
Project("{2150E333-8FDC-42A3-9474-1A3956D46DE8}") = "src", "src", "{72BC882B-4C2E-4663-8BA6-F59CE4696722}"
EndProject
Project("{9A19103F-16F7-4668-BE54-9A1E7A4F7556}") = "Api", "src\Api\Api.csproj", "{2D66ABBA-7C09-4A26-A5DE-646C2018F53F}"
EndProject
Project("{2150E333-8FDC-42A3-9474-1A3956D46DE8}") = "test", "test", "{F26701F9-AE89-4D95-A423-F0A69877B4CD}"
EndProject
Project("{2150E333-8FDC-42A3-9474-1A3956D46DE8}") = "IntegrationTests", "IntegrationTests", "{963BBDF1-90CD-476E-8390-BA55DD19B19F}"
EndProject
Project("{2150E333-8FDC-42A3-9474-1A3956D46DE8}") = "UnitTests", "UnitTests", "{D56A8265-A20F-416C-95B5-886FFC995E48}"
EndProject
Project("{9A19103F-16F7-4668-BE54-9A1E7A4F7556}") = "IntegrationTests", "test\IntegrationTests\Api.IntegrationTests\IntegrationTests.csproj", "{2BFC3FEA-A631-423D-854B-950A5C9584C1}"
EndProject
Project("{9A19103F-16F7-4668-BE54-9A1E7A4F7556}") = "UnitTests", "test\UnitTests\Api.UnitTests\UnitTests.csproj", "{1E749CBD-4D26-48A9-BCD0-9BA4B905E6B0}"
EndProject
Project("{9A19103F-16F7-4668-BE54-9A1E7A4F7556}") = "Shared", "src\Shared\Shared.csproj", "{D17513E1-3D6E-4896-BD46-4F0840F88084}"
EndProject
Project("{9A19103F-16F7-4668-BE54-9A1E7A4F7556}") = "Service", "src\Service\Service.csproj", "{F7765819-9F6E-4ECA-B58C-7E64EC983C31}"
EndProject
Project("{9A19103F-16F7-4668-BE54-9A1E7A4F7556}") = "Repository", "src\Repository\Repository.csproj", "{D575B7E4-A244-4B0A-99B9-76451CF15211}"
EndProject
Project("{9A19103F-16F7-4668-BE54-9A1E7A4F7556}") = "Presentation", "src\Presentation\Presentation.csproj", "{44DE8B9C-EAE2-4B05-9341-54519CDA0066}"
EndProject
Project("{9A19103F-16F7-4668-BE54-9A1E7A4F7556}") = "Interfaces", "src\Interfaces\Interfaces.csproj", "{BEDBCC48-F95B-4FEA-8779-189ECF269101}"
EndProject
Project("{9A19103F-16F7-4668-BE54-9A1E7A4F7556}") = "LoggerService", "src\LoggerService\LoggerService.csproj", "{5768A9C4-8A8F-44F7-9396-B7F1E64C3A92}"
EndProject
Project("{9A19103F-16F7-4668-BE54-9A1E7A4F7556}") = "Entities", "src\Entities\Entities.csproj", "{835B5EFE-0615-4B1B-B1A0-258FB3CA32CB}"
EndProject
Global
	GlobalSection(SolutionConfigurationPlatforms) = preSolution
		Debug|Any CPU = Debug|Any CPU
		Release|Any CPU = Release|Any CPU
	EndGlobalSection
	GlobalSection(ProjectConfigurationPlatforms) = postSolution
		{2D66ABBA-7C09-4A26-A5DE-646C2018F53F}.Debug|Any CPU.ActiveCfg = Debug|Any CPU
		{2D66ABBA-7C09-4A26-A5DE-646C2018F53F}.Debug|Any CPU.Build.0 = Debug|Any CPU
		{2D66ABBA-7C09-4A26-A5DE-646C2018F53F}.Release|Any CPU.ActiveCfg = Release|Any CPU
		{2D66ABBA-7C09-4A26-A5DE-646C2018F53F}.Release|Any CPU.Build.0 = Release|Any CPU
		{2BFC3FEA-A631-423D-854B-950A5C9584C1}.Debug|Any CPU.ActiveCfg = Debug|Any CPU
		{2BFC3FEA-A631-423D-854B-950A5C9584C1}.Debug|Any CPU.Build.0 = Debug|Any CPU
		{2BFC3FEA-A631-423D-854B-950A5C9584C1}.Release|Any CPU.ActiveCfg = Release|Any CPU
		{2BFC3FEA-A631-423D-854B-950A5C9584C1}.Release|Any CPU.Build.0 = Release|Any CPU
		{1E749CBD-4D26-48A9-BCD0-9BA4B905E6B0}.Debug|Any CPU.ActiveCfg = Debug|Any CPU
		{1E749CBD-4D26-48A9-BCD0-9BA4B905E6B0}.Debug|Any CPU.Build.0 = Debug|Any CPU
		{1E749CBD-4D26-48A9-BCD0-9BA4B905E6B0}.Release|Any CPU.ActiveCfg = Release|Any CPU
		{1E749CBD-4D26-48A9-BCD0-9BA4B905E6B0}.Release|Any CPU.Build.0 = Release|Any CPU
		{D17513E1-3D6E-4896-BD46-4F0840F88084}.Debug|Any CPU.ActiveCfg = Debug|Any CPU
		{D17513E1-3D6E-4896-BD46-4F0840F88084}.Debug|Any CPU.Build.0 = Debug|Any CPU
		{D17513E1-3D6E-4896-BD46-4F0840F88084}.Release|Any CPU.ActiveCfg = Release|Any CPU
		{D17513E1-3D6E-4896-BD46-4F0840F88084}.Release|Any CPU.Build.0 = Release|Any CPU
		{F7765819-9F6E-4ECA-B58C-7E64EC983C31}.Debug|Any CPU.ActiveCfg = Debug|Any CPU
		{F7765819-9F6E-4ECA-B58C-7E64EC983C31}.Debug|Any CPU.Build.0 = Debug|Any CPU
		{F7765819-9F6E-4ECA-B58C-7E64EC983C31}.Release|Any CPU.ActiveCfg = Release|Any CPU
		{F7765819-9F6E-4ECA-B58C-7E64EC983C31}.Release|Any CPU.Build.0 = Release|Any CPU
		{D575B7E4-A244-4B0A-99B9-76451CF15211}.Debug|Any CPU.ActiveCfg = Debug|Any CPU
		{D575B7E4-A244-4B0A-99B9-76451CF15211}.Debug|Any CPU.Build.0 = Debug|Any CPU
		{D575B7E4-A244-4B0A-99B9-76451CF15211}.Release|Any CPU.ActiveCfg = Release|Any CPU
		{D575B7E4-A244-4B0A-99B9-76451CF15211}.Release|Any CPU.Build.0 = Release|Any CPU
		{44DE8B9C-EAE2-4B05-9341-54519CDA0066}.Debug|Any CPU.ActiveCfg = Debug|Any CPU
		{44DE8B9C-EAE2-4B05-9341-54519CDA0066}.Debug|Any CPU.Build.0 = Debug|Any CPU
		{44DE8B9C-EAE2-4B05-9341-54519CDA0066}.Release|Any CPU.ActiveCfg = Release|Any CPU
		{44DE8B9C-EAE2-4B05-9341-54519CDA0066}.Release|Any CPU.Build.0 = Release|Any CPU
		{BEDBCC48-F95B-4FEA-8779-189ECF269101}.Debug|Any CPU.ActiveCfg = Debug|Any CPU
		{BEDBCC48-F95B-4FEA-8779-189ECF269101}.Debug|Any CPU.Build.0 = Debug|Any CPU
		{BEDBCC48-F95B-4FEA-8779-189ECF269101}.Release|Any CPU.ActiveCfg = Release|Any CPU
		{BEDBCC48-F95B-4FEA-8779-189ECF269101}.Release|Any CPU.Build.0 = Release|Any CPU
		{5768A9C4-8A8F-44F7-9396-B7F1E64C3A92}.Debug|Any CPU.ActiveCfg = Debug|Any CPU
		{5768A9C4-8A8F-44F7-9396-B7F1E64C3A92}.Debug|Any CPU.Build.0 = Debug|Any CPU
		{5768A9C4-8A8F-44F7-9396-B7F1E64C3A92}.Release|Any CPU.ActiveCfg = Release|Any CPU
		{5768A9C4-8A8F-44F7-9396-B7F1E64C3A92}.Release|Any CPU.Build.0 = Release|Any CPU
		{835B5EFE-0615-4B1B-B1A0-258FB3CA32CB}.Debug|Any CPU.ActiveCfg = Debug|Any CPU
		{835B5EFE-0615-4B1B-B1A0-258FB3CA32CB}.Debug|Any CPU.Build.0 = Debug|Any CPU
		{835B5EFE-0615-4B1B-B1A0-258FB3CA32CB}.Release|Any CPU.ActiveCfg = Release|Any CPU
		{835B5EFE-0615-4B1B-B1A0-258FB3CA32CB}.Release|Any CPU.Build.0 = Release|Any CPU
	EndGlobalSection
	GlobalSection(SolutionProperties) = preSolution
		HideSolutionNode = FALSE
	EndGlobalSection
	GlobalSection(NestedProjects) = preSolution
		{2D66ABBA-7C09-4A26-A5DE-646C2018F53F} = {72BC882B-4C2E-4663-8BA6-F59CE4696722}
		{963BBDF1-90CD-476E-8390-BA55DD19B19F} = {F26701F9-AE89-4D95-A423-F0A69877B4CD}
		{D56A8265-A20F-416C-95B5-886FFC995E48} = {F26701F9-AE89-4D95-A423-F0A69877B4CD}
		{2BFC3FEA-A631-423D-854B-950A5C9584C1} = {963BBDF1-90CD-476E-8390-BA55DD19B19F}
		{1E749CBD-4D26-48A9-BCD0-9BA4B905E6B0} = {D56A8265-A20F-416C-95B5-886FFC995E48}
		{D17513E1-3D6E-4896-BD46-4F0840F88084} = {72BC882B-4C2E-4663-8BA6-F59CE4696722}
		{F7765819-9F6E-4ECA-B58C-7E64EC983C31} = {72BC882B-4C2E-4663-8BA6-F59CE4696722}
		{D575B7E4-A244-4B0A-99B9-76451CF15211} = {72BC882B-4C2E-4663-8BA6-F59CE4696722}
		{44DE8B9C-EAE2-4B05-9341-54519CDA0066} = {72BC882B-4C2E-4663-8BA6-F59CE4696722}
		{BEDBCC48-F95B-4FEA-8779-189ECF269101} = {72BC882B-4C2E-4663-8BA6-F59CE4696722}
		{5768A9C4-8A8F-44F7-9396-B7F1E64C3A92} = {72BC882B-4C2E-4663-8BA6-F59CE4696722}
		{835B5EFE-0615-4B1B-B1A0-258FB3CA32CB} = {72BC882B-4C2E-4663-8BA6-F59CE4696722}
	EndGlobalSection
	GlobalSection(ExtensibilityGlobals) = postSolution
		SolutionGuid = {91819C3E-EFCD-4899-9D2C-C2B97BD96F63}
	EndGlobalSection
	GlobalSection(NDepend) = preSolution
		Project = ".\Pos.Api.ndproj"
	EndGlobalSection
EndGlobal
